{
  "name": "wrist-menu-three-consumer",
  "version": "0.0.0",
  "lockfileVersion": 3,
  "requires": true,
  "packages": {
    "": {
      "name": "wrist-menu-three-consumer",
      "version": "0.0.0",
      "dependencies": {
        "@xleepy/wrist-menu": "file:../../../artifacts/xleepy-wrist-menu-0.0.0.tgz",
        "three": "0.185.1"
      }
    },
    "node_modules/@xleepy/wrist-menu": {
      "version": "0.0.0",
      "resolved": "file:../../../artifacts/xleepy-wrist-menu-0.0.0.tgz",
      "integrity": "sha512-MNQAt4WlcHBdU+ZvDmXN0BLx3WHCTdeyJbWR8MKf9ROf9UjsIFk2xRVnykNwDPKGjeBSmKJ8XXxqAG94tnuizg==",
      "license": "MIT",
      "engines": {
        "node": ">=20"
      },
      "peerDependencies": {
        "@react-three/fiber": ">=8.18.0 <10",
        "react": ">=18 <19.3",
        "three": ">=0.185.1 <0.186.0"
      },
      "peerDependenciesMeta": {
        "@react-three/fiber": {
          "optional": true
        },
        "react": {
          "optional": true
        }
      }
    },
    "node_modules/three": {
      "version": "0.185.1",
      "resolved": "https://registry.npmjs.org/three/-/three-0.185.1.tgz",
      "integrity": "sha512-5aojFCXKwnjBRZvUnt3WFfEcvUJgkN5LlijRFN95hMy8WVkG4I0QNcJE+OuWvuJ0bOdStrbfXn0pkd6/QyiAlg==",
      "license": "MIT"
    }
  }
}
